
Microsoft Visual Studio Solution File, Format Version 12.00
# Visual Studio 2013
VisualStudioVersion = 12.0.21005.1
MinimumVisualStudioVersion = 10.0.40219.1
Project("{FAE04EC0-301F-11D3-BF4B-00C04F79EFBC}") = "ORM", "ORM\ORM.csproj", "{D50F1A4F-D082-48F7-B93E-F0F8FD576B9A}"
EndProject
Project("{FAE04EC0-301F-11D3-BF4B-00C04F79EFBC}") = "DAL", "DAL\DAL.csproj", "{65E67C2A-2CEA-4EF5-9D6B-67D004D8DC77}"
EndProject
Project("{FAE04EC0-301F-11D3-BF4B-00C04F79EFBC}") = "BLL", "BLL\BLL.csproj", "{F8FB3343-9A13-4BA8-A850-B1CAC39DE890}"
EndProject
Project("{FAE04EC0-301F-11D3-BF4B-00C04F79EFBC}") = "CustomDependencyResolver", "DependencyResolver\CustomDependencyResolver.csproj", "{070581CC-2EC8-43BC-9EFF-ABCC89302277}"
EndProject
Project("{FAE04EC0-301F-11D3-BF4B-00C04F79EFBC}") = "CustomExpressionVisitor", "CustomExpressionVisitor\CustomExpressionVisitor.csproj", "{7AB8094C-2191-463F-9C8F-33C031FC4C58}"
EndProject
Project("{FAE04EC0-301F-11D3-BF4B-00C04F79EFBC}") = "Lume", "Lume\Lume.csproj", "{6DEEA75C-7DAC-4A7D-9F12-9195EBC50EAF}"
EndProject
Global
	GlobalSection(SolutionConfigurationPlatforms) = preSolution
		Debug|Any CPU = Debug|Any CPU
		Release|Any CPU = Release|Any CPU
	EndGlobalSection
	GlobalSection(ProjectConfigurationPlatforms) = postSolution
		{D50F1A4F-D082-48F7-B93E-F0F8FD576B9A}.Debug|Any CPU.ActiveCfg = Debug|Any CPU
		{D50F1A4F-D082-48F7-B93E-F0F8FD576B9A}.Debug|Any CPU.Build.0 = Debug|Any CPU
		{D50F1A4F-D082-48F7-B93E-F0F8FD576B9A}.Release|Any CPU.ActiveCfg = Release|Any CPU
		{D50F1A4F-D082-48F7-B93E-F0F8FD576B9A}.Release|Any CPU.Build.0 = Release|Any CPU
		{65E67C2A-2CEA-4EF5-9D6B-67D004D8DC77}.Debug|Any CPU.ActiveCfg = Debug|Any CPU
		{65E67C2A-2CEA-4EF5-9D6B-67D004D8DC77}.Debug|Any CPU.Build.0 = Debug|Any CPU
		{65E67C2A-2CEA-4EF5-9D6B-67D004D8DC77}.Release|Any CPU.ActiveCfg = Release|Any CPU
		{65E67C2A-2CEA-4EF5-9D6B-67D004D8DC77}.Release|Any CPU.Build.0 = Release|Any CPU
		{F8FB3343-9A13-4BA8-A850-B1CAC39DE890}.Debug|Any CPU.ActiveCfg = Debug|Any CPU
		{F8FB3343-9A13-4BA8-A850-B1CAC39DE890}.Debug|Any CPU.Build.0 = Debug|Any CPU
		{F8FB3343-9A13-4BA8-A850-B1CAC39DE890}.Release|Any CPU.ActiveCfg = Release|Any CPU
		{F8FB3343-9A13-4BA8-A850-B1CAC39DE890}.Release|Any CPU.Build.0 = Release|Any CPU
		{070581CC-2EC8-43BC-9EFF-ABCC89302277}.Debug|Any CPU.ActiveCfg = Debug|Any CPU
		{070581CC-2EC8-43BC-9EFF-ABCC89302277}.Debug|Any CPU.Build.0 = Debug|Any CPU
		{070581CC-2EC8-43BC-9EFF-ABCC89302277}.Release|Any CPU.ActiveCfg = Release|Any CPU
		{070581CC-2EC8-43BC-9EFF-ABCC89302277}.Release|Any CPU.Build.0 = Release|Any CPU
		{7AB8094C-2191-463F-9C8F-33C031FC4C58}.Debug|Any CPU.ActiveCfg = Debug|Any CPU
		{7AB8094C-2191-463F-9C8F-33C031FC4C58}.Debug|Any CPU.Build.0 = Debug|Any CPU
		{7AB8094C-2191-463F-9C8F-33C031FC4C58}.Release|Any CPU.ActiveCfg = Release|Any CPU
		{7AB8094C-2191-463F-9C8F-33C031FC4C58}.Release|Any CPU.Build.0 = Release|Any CPU
		{6DEEA75C-7DAC-4A7D-9F12-9195EBC50EAF}.Debug|Any CPU.ActiveCfg = Debug|Any CPU
		{6DEEA75C-7DAC-4A7D-9F12-9195EBC50EAF}.Debug|Any CPU.Build.0 = Debug|Any CPU
		{6DEEA75C-7DAC-4A7D-9F12-9195EBC50EAF}.Release|Any CPU.ActiveCfg = Release|Any CPU
		{6DEEA75C-7DAC-4A7D-9F12-9195EBC50EAF}.Release|Any CPU.Build.0 = Release|Any CPU
	EndGlobalSection
	GlobalSection(SolutionProperties) = preSolution
		HideSolutionNode = FALSE
	EndGlobalSection
EndGlobal
